
Microsoft Visual Studio Solution File, Format Version 12.00
# Visual Studio Version 17
VisualStudioVersion = 17.5.002.0
MinimumVisualStudioVersion = 10.0.40219.1
Project("{2150E333-8FDC-42A3-9474-1A3956D46DE8}") = "sandbox", "sandbox", "{EDEEAA8F-01B5-4836-AE95-3BC893A32364}"
EndProject
Project("{9A19103F-16F7-4668-BE54-9A1E7A4F7556}") = "sandbox_project", "sandbox\sandbox_project\sandbox_project.csproj", "{118F9FFC-1B6B-4335-A171-3327506AC55D}"
EndProject
Project("{2150E333-8FDC-42A3-9474-1A3956D46DE8}") = "week01", "week01", "{37F4C0E1-B28B-404B-B97F-2C3433A96D3B}"
EndProject
Project("{9A19103F-16F7-4668-BE54-9A1E7A4F7556}") = "analyze", "week01\analyze\analyze.csproj", "{149F4847-DAB9-4746-BAC9-0FE05E0787AA}"
EndProject
Project("{9A19103F-16F7-4668-BE54-9A1E7A4F7556}") = "code", "week01\code\code.csproj", "{B4BEEB96-50DD-41C8-8AC2-56AEF1873008}"
EndProject
Project("{9A19103F-16F7-4668-BE54-9A1E7A4F7556}") = "teach", "week01\teach\teach.csproj", "{E0A8FC35-6E8E-479D-A074-337B51172228}"
EndProject
Project("{2150E333-8FDC-42A3-9474-1A3956D46DE8}") = "week02", "week02", "{62BA137D-A3F8-4226-8040-8E170CB436D6}"
EndProject
Project("{9A19103F-16F7-4668-BE54-9A1E7A4F7556}") = "analyze", "week02\analyze\analyze.csproj", "{918114A4-8489-447E-A6E2-359E86F6D161}"
EndProject
Project("{9A19103F-16F7-4668-BE54-9A1E7A4F7556}") = "code", "week02\code\code.csproj", "{B9CAFCF1-074D-4D4D-9EB0-FBE4CF948B20}"
EndProject
Project("{9A19103F-16F7-4668-BE54-9A1E7A4F7556}") = "learn", "week02\learn\learn.csproj", "{A29F4BBF-9B8A-40D8-A4CF-EAE5FB3216DB}"
EndProject
Project("{9A19103F-16F7-4668-BE54-9A1E7A4F7556}") = "teach", "week02\teach\teach.csproj", "{116B56E9-2CA3-409D-B70A-9AF1280C1F41}"
EndProject
Project("{2150E333-8FDC-42A3-9474-1A3956D46DE8}") = "week03", "week03", "{1654B1CD-8267-4B8E-B2EE-34CA44B6495E}"
EndProject
Project("{9A19103F-16F7-4668-BE54-9A1E7A4F7556}") = "code", "week03\code\code.csproj", "{46CEB0AE-7AD1-4D51-931A-587267A3F242}"
EndProject
Project("{9A19103F-16F7-4668-BE54-9A1E7A4F7556}") = "learn", "week03\learn\learn.csproj", "{4796DE12-698C-4C95-81BB-9A540D22E393}"
EndProject
Project("{9A19103F-16F7-4668-BE54-9A1E7A4F7556}") = "teach", "week03\teach\teach.csproj", "{07238531-A2C1-4E27-98F9-D4525E550E35}"
EndProject
Project("{2150E333-8FDC-42A3-9474-1A3956D46DE8}") = "week04", "week04", "{E6684F9F-CA4E-4CC3-BE55-DF24A0567BAF}"
EndProject
Project("{9A19103F-16F7-4668-BE54-9A1E7A4F7556}") = "code", "week04\code\code.csproj", "{8E1587B6-DF3C-4E58-83DB-7B193AD1F8B5}"
EndProject
Project("{2150E333-8FDC-42A3-9474-1A3956D46DE8}") = "week05", "week05", "{A7D78B07-F94A-4913-84A9-9DE46AED04E9}"
EndProject
Project("{9A19103F-16F7-4668-BE54-9A1E7A4F7556}") = "code", "week05\code\code.csproj", "{5B82053D-A36D-4D9C-A1FB-A9EFB29030D4}"
EndProject
Project("{2150E333-8FDC-42A3-9474-1A3956D46DE8}") = "week06", "week06", "{D484506A-C339-49F9-AE59-2D2F38984824}"
EndProject
Project("{9A19103F-16F7-4668-BE54-9A1E7A4F7556}") = "code", "week06\code\code.csproj", "{40B0747E-E3BF-4B20-985D-6FC73179EE50}"
EndProject
Global
	GlobalSection(SolutionConfigurationPlatforms) = preSolution
		Debug|Any CPU = Debug|Any CPU
		Release|Any CPU = Release|Any CPU
	EndGlobalSection
	GlobalSection(ProjectConfigurationPlatforms) = postSolution
		{118F9FFC-1B6B-4335-A171-3327506AC55D}.Debug|Any CPU.ActiveCfg = Debug|Any CPU
		{118F9FFC-1B6B-4335-A171-3327506AC55D}.Debug|Any CPU.Build.0 = Debug|Any CPU
		{118F9FFC-1B6B-4335-A171-3327506AC55D}.Release|Any CPU.ActiveCfg = Release|Any CPU
		{118F9FFC-1B6B-4335-A171-3327506AC55D}.Release|Any CPU.Build.0 = Release|Any CPU
		{149F4847-DAB9-4746-BAC9-0FE05E0787AA}.Debug|Any CPU.ActiveCfg = Debug|Any CPU
		{149F4847-DAB9-4746-BAC9-0FE05E0787AA}.Debug|Any CPU.Build.0 = Debug|Any CPU
		{149F4847-DAB9-4746-BAC9-0FE05E0787AA}.Release|Any CPU.ActiveCfg = Release|Any CPU
		{149F4847-DAB9-4746-BAC9-0FE05E0787AA}.Release|Any CPU.Build.0 = Release|Any CPU
		{B4BEEB96-50DD-41C8-8AC2-56AEF1873008}.Debug|Any CPU.ActiveCfg = Debug|Any CPU
		{B4BEEB96-50DD-41C8-8AC2-56AEF1873008}.Debug|Any CPU.Build.0 = Debug|Any CPU
		{B4BEEB96-50DD-41C8-8AC2-56AEF1873008}.Release|Any CPU.ActiveCfg = Release|Any CPU
		{B4BEEB96-50DD-41C8-8AC2-56AEF1873008}.Release|Any CPU.Build.0 = Release|Any CPU
		{E0A8FC35-6E8E-479D-A074-337B51172228}.Debug|Any CPU.ActiveCfg = Debug|Any CPU
		{E0A8FC35-6E8E-479D-A074-337B51172228}.Debug|Any CPU.Build.0 = Debug|Any CPU
		{E0A8FC35-6E8E-479D-A074-337B51172228}.Release|Any CPU.ActiveCfg = Release|Any CPU
		{E0A8FC35-6E8E-479D-A074-337B51172228}.Release|Any CPU.Build.0 = Release|Any CPU
		{918114A4-8489-447E-A6E2-359E86F6D161}.Debug|Any CPU.ActiveCfg = Debug|Any CPU
		{918114A4-8489-447E-A6E2-359E86F6D161}.Debug|Any CPU.Build.0 = Debug|Any CPU
		{918114A4-8489-447E-A6E2-359E86F6D161}.Release|Any CPU.ActiveCfg = Release|Any CPU
		{918114A4-8489-447E-A6E2-359E86F6D161}.Release|Any CPU.Build.0 = Release|Any CPU
		{B9CAFCF1-074D-4D4D-9EB0-FBE4CF948B20}.Debug|Any CPU.ActiveCfg = Debug|Any CPU
		{B9CAFCF1-074D-4D4D-9EB0-FBE4CF948B20}.Debug|Any CPU.Build.0 = Debug|Any CPU
		{B9CAFCF1-074D-4D4D-9EB0-FBE4CF948B20}.Release|Any CPU.ActiveCfg = Release|Any CPU
		{B9CAFCF1-074D-4D4D-9EB0-FBE4CF948B20}.Release|Any CPU.Build.0 = Release|Any CPU
		{A29F4BBF-9B8A-40D8-A4CF-EAE5FB3216DB}.Debug|Any CPU.ActiveCfg = Debug|Any CPU
		{A29F4BBF-9B8A-40D8-A4CF-EAE5FB3216DB}.Debug|Any CPU.Build.0 = Debug|Any CPU
		{A29F4BBF-9B8A-40D8-A4CF-EAE5FB3216DB}.Release|Any CPU.ActiveCfg = Release|Any CPU
		{A29F4BBF-9B8A-40D8-A4CF-EAE5FB3216DB}.Release|Any CPU.Build.0 = Release|Any CPU
		{116B56E9-2CA3-409D-B70A-9AF1280C1F41}.Debug|Any CPU.ActiveCfg = Debug|Any CPU
		{116B56E9-2CA3-409D-B70A-9AF1280C1F41}.Debug|Any CPU.Build.0 = Debug|Any CPU
		{116B56E9-2CA3-409D-B70A-9AF1280C1F41}.Release|Any CPU.ActiveCfg = Release|Any CPU
		{116B56E9-2CA3-409D-B70A-9AF1280C1F41}.Release|Any CPU.Build.0 = Release|Any CPU
		{46CEB0AE-7AD1-4D51-931A-587267A3F242}.Debug|Any CPU.ActiveCfg = Debug|Any CPU
		{46CEB0AE-7AD1-4D51-931A-587267A3F242}.Debug|Any CPU.Build.0 = Debug|Any CPU
		{46CEB0AE-7AD1-4D51-931A-587267A3F242}.Release|Any CPU.ActiveCfg = Release|Any CPU
		{46CEB0AE-7AD1-4D51-931A-587267A3F242}.Release|Any CPU.Build.0 = Release|Any CPU
		{4796DE12-698C-4C95-81BB-9A540D22E393}.Debug|Any CPU.ActiveCfg = Debug|Any CPU
		{4796DE12-698C-4C95-81BB-9A540D22E393}.Debug|Any CPU.Build.0 = Debug|Any CPU
		{4796DE12-698C-4C95-81BB-9A540D22E393}.Release|Any CPU.ActiveCfg = Release|Any CPU
		{4796DE12-698C-4C95-81BB-9A540D22E393}.Release|Any CPU.Build.0 = Release|Any CPU
		{07238531-A2C1-4E27-98F9-D4525E550E35}.Debug|Any CPU.ActiveCfg = Debug|Any CPU
		{07238531-A2C1-4E27-98F9-D4525E550E35}.Debug|Any CPU.Build.0 = Debug|Any CPU
		{07238531-A2C1-4E27-98F9-D4525E550E35}.Release|Any CPU.ActiveCfg = Release|Any CPU
		{07238531-A2C1-4E27-98F9-D4525E550E35}.Release|Any CPU.Build.0 = Release|Any CPU
		{8E1587B6-DF3C-4E58-83DB-7B193AD1F8B5}.Debug|Any CPU.ActiveCfg = Debug|Any CPU
		{8E1587B6-DF3C-4E58-83DB-7B193AD1F8B5}.Debug|Any CPU.Build.0 = Debug|Any CPU
		{8E1587B6-DF3C-4E58-83DB-7B193AD1F8B5}.Release|Any CPU.ActiveCfg = Release|Any CPU
		{8E1587B6-DF3C-4E58-83DB-7B193AD1F8B5}.Release|Any CPU.Build.0 = Release|Any CPU
		{5B82053D-A36D-4D9C-A1FB-A9EFB29030D4}.Debug|Any CPU.ActiveCfg = Debug|Any CPU
		{5B82053D-A36D-4D9C-A1FB-A9EFB29030D4}.Debug|Any CPU.Build.0 = Debug|Any CPU
		{5B82053D-A36D-4D9C-A1FB-A9EFB29030D4}.Release|Any CPU.ActiveCfg = Release|Any CPU
		{5B82053D-A36D-4D9C-A1FB-A9EFB29030D4}.Release|Any CPU.Build.0 = Release|Any CPU
		{40B0747E-E3BF-4B20-985D-6FC73179EE50}.Debug|Any CPU.ActiveCfg = Debug|Any CPU
		{40B0747E-E3BF-4B20-985D-6FC73179EE50}.Debug|Any CPU.Build.0 = Debug|Any CPU
		{40B0747E-E3BF-4B20-985D-6FC73179EE50}.Release|Any CPU.ActiveCfg = Release|Any CPU
		{40B0747E-E3BF-4B20-985D-6FC73179EE50}.Release|Any CPU.Build.0 = Release|Any CPU
	EndGlobalSection
	GlobalSection(SolutionProperties) = preSolution
		HideSolutionNode = FALSE
	EndGlobalSection
	GlobalSection(NestedProjects) = preSolution
		{118F9FFC-1B6B-4335-A171-3327506AC55D} = {EDEEAA8F-01B5-4836-AE95-3BC893A32364}
		{149F4847-DAB9-4746-BAC9-0FE05E0787AA} = {37F4C0E1-B28B-404B-B97F-2C3433A96D3B}
		{B4BEEB96-50DD-41C8-8AC2-56AEF1873008} = {37F4C0E1-B28B-404B-B97F-2C3433A96D3B}
		{E0A8FC35-6E8E-479D-A074-337B51172228} = {37F4C0E1-B28B-404B-B97F-2C3433A96D3B}
		{918114A4-8489-447E-A6E2-359E86F6D161} = {62BA137D-A3F8-4226-8040-8E170CB436D6}
		{B9CAFCF1-074D-4D4D-9EB0-FBE4CF948B20} = {62BA137D-A3F8-4226-8040-8E170CB436D6}
		{A29F4BBF-9B8A-40D8-A4CF-EAE5FB3216DB} = {62BA137D-A3F8-4226-8040-8E170CB436D6}
		{116B56E9-2CA3-409D-B70A-9AF1280C1F41} = {62BA137D-A3F8-4226-8040-8E170CB436D6}
		{46CEB0AE-7AD1-4D51-931A-587267A3F242} = {1654B1CD-8267-4B8E-B2EE-34CA44B6495E}
		{4796DE12-698C-4C95-81BB-9A540D22E393} = {1654B1CD-8267-4B8E-B2EE-34CA44B6495E}
		{07238531-A2C1-4E27-98F9-D4525E550E35} = {1654B1CD-8267-4B8E-B2EE-34CA44B6495E}
		{8E1587B6-DF3C-4E58-83DB-7B193AD1F8B5} = {E6684F9F-CA4E-4CC3-BE55-DF24A0567BAF}
		{5B82053D-A36D-4D9C-A1FB-A9EFB29030D4} = {A7D78B07-F94A-4913-84A9-9DE46AED04E9}
		{40B0747E-E3BF-4B20-985D-6FC73179EE50} = {D484506A-C339-49F9-AE59-2D2F38984824}
	EndGlobalSection
	GlobalSection(ExtensibilityGlobals) = postSolution
		SolutionGuid = {201DF4DD-CD8D-4BF2-8431-8069CABBFFCF}
	EndGlobalSection
EndGlobal
